#
# This file is autogenerated by pip-compile with Python 3.14
# by the following command:
#
#    pip==25.3 pip-tools==7.6.0 python3.14 -m piptools compile --generate-hashes --strip-extras --output-file=requirements.lock requirements.txt
#
asgiref==3.12.1 \
    --hash=sha256:59dcb51c272ad209d59bed5708a64a333083e86017d7fcdd67498eeab7784340 \
    --hash=sha256:fe386d1c2bff7259ea95929266d12a8cf9a8b5a1c2598402967d8792e7a7c094
    # via django
certifi==2026.7.22 \
    --hash=sha256:62f22742b58a1a33014a2b6b706588a8d7e2a88ae7bd1a6ebe8c992928483775 \
    --hash=sha256:741e2c3b351ddf169a738da9f2c048608ff7f2c5cc02f1ebc6b118bb090d5d55
    # via requests
charset-normalizer==3.4.9 \
    --hash=sha256:0327fcd59a935777d83410750c50600ee9571af2846f71ce40f25b13da1ef380 \
    --hash=sha256:03d07803992c6c7bbc976327f34b18b6160327fc81cb82c9d504720ac0be3b62 \
    --hash=sha256:04ce310cb89c15df659582aee80a0603788732a5e017d5bd5c81158106ce249c \
    --hash=sha256:0d861473f743244d349b50f850d10eb87aeb22bbdcc8e64f79273c94af5a8226 \
    --hash=sha256:0e94703ec9684807f20cfb5eed95c70f67f2a8f21ad620146d7b5a13677b93e5 \
    --hash=sha256:0fa1aec2d32bcc03c8fa0f6f1712caad1adc38509f31142112e5c9daf5b9c833 \
    --hash=sha256:16b65ea0f2465b6fb52aa22de5eca612aa964ddfec00a912e26f4656cbef890b \
    --hash=sha256:16d10d789dd9bcca1173c95af82c58433122564b7bc39385124be735a35cbe99 \
    --hash=sha256:19ac87f93086ce37b86e098888555c4b4bc48102279bae3350098c0ed664b501 \
    --hash=sha256:1d22856ffbe153a602df38e4a5464f0b748a54002e0d69ac6d2ad0a197cc99ec \
    --hash=sha256:21e764fd1e70b6a3e205a0e46f3051701f98a8cb3fad66eeb80e48bb502f8698 \
    --hash=sha256:231ddcbb35e2ff8973e1365db41fe0572662893b99a05deb183b68ad4c0c8bd4 \
    --hash=sha256:253a4a220747e8b5faf57ec320c4f5efb0cef05f647420bf267143ec15dba10a \
    --hash=sha256:280081916dc341820640489a66e4696049401ef1cf6dd672f672e70ad915aca3 \
    --hash=sha256:2a441ea71902098ffe78c5abe6c494f44160b4af614ed16c3d9a3b1d17fd8ee2 \
    --hash=sha256:304b13570067b2547562e308af560b3963857b1fa90bd6afd978130130fe2d6a \
    --hash=sha256:32286a2c8d167e897177b673176c1e3e00d4057caf5d2b64eef9a3666b03018e \
    --hash=sha256:33bdcc2a32c0a0e861f60841a512c8acc658c87c2ac59d89e3a46dacf7d866e4 \
    --hash=sha256:375b83ed0aecfce76c16d198fbc21f3b11b337d68662bea0a995046682a11419 \
    --hash=sha256:3c09a49d6cde137258beb3d551994a2927fd35ad5cf96aed573f61bbd67c5f84 \
    --hash=sha256:3d92613ec25e43b05f042302531ec0f00b8445190e43325880cbd6ab7c2581da \
    --hash=sha256:40a126142a56b2dfc0aacbad1de8310cbf60da7656db0e6b16eebd48e3e93519 \
    --hash=sha256:416c229f77e5ea25b3dfd4b582f8d73d7e43c22320302b9ab128a2d3a0b38efe \
    --hash=sha256:432786d3561e69aeeae6c7e8648964ce0ad05736120135601f87ac26b9c83381 \
    --hash=sha256:43b9e366a31fdd1c87d0eb08f579b4a82b723ea54338f040d6b4e518a026ea29 \
    --hash=sha256:440eede837960000d74978f0eba527be106b5b9aee0daf779d395276ed0b0614 \
    --hash=sha256:45b0cc4e3556cd875e09102988d1ab8356c998b596c9fced84547c8138b487a0 \
    --hash=sha256:476743fe6dfe14a2da12e3ac79125dc84a3b2cf8094369a47a1529b0cd8549fe \
    --hash=sha256:4773092f8019072343a7447203308b176e10199920eb02d6195e81bbb3274c29 \
    --hash=sha256:4b3dac63058cc36820b0dd072f89898604e2d39686fe05321729d00d8ac185a0 \
    --hash=sha256:4d1c96a7a18b9690a4d46df09e3e3382406ae3213727cd1019ebade1c4a81917 \
    --hash=sha256:51307f5c71007673a2bf8232ad973483d281e74cb99c8c5a990af1eefa6277d9 \
    --hash=sha256:51447e9aa2684679af07ca5021c3db526e0284347ebf4ffcec1154c3350cfe32 \
    --hash=sha256:58150c9f9b9a552505912d182ccdf26f6396fb6094816ceebcbb20eecabaed94 \
    --hash=sha256:5b10cd92fc5c498b35a8635df6d5a100207f88b63a4dc1de7ef9a548e1e2cd63 \
    --hash=sha256:5e226f6218febc71f6c1fc2fafb91c226f75bdc1d8fb12d66823716e891608fd \
    --hash=sha256:609b3ba8fcc0fb5ab7af00719d0fb6ad0cb518e48e7712d12fd68f1327951198 \
    --hash=sha256:60f44ade2cf573dad7a277e6f8ca9a51a21dda572b13bd7d8539bb3cd5dbedde \
    --hash=sha256:611057cc5d5c0afc743ba8be6bd828c17e0aaa8643f9d0a9b9bb7dea80eb8012 \
    --hash=sha256:6366a16e1a25018694d6a5d784d09b046edc9eac40ea2b54065c3052672516a1 \
    --hash=sha256:65a7ff3f705e57d392f7261b6d0550fe137c3019477431f1c355e0db0a7d3e15 \
    --hash=sha256:673611bbd43f0810bec0b0f028ddeaaa501190339cac411f347ac76917c3ae7b \
    --hash=sha256:67830fc78e67501f47bb950471b2dcb9b35b140084429318e862895a8e89c993 \
    --hash=sha256:68ce9f4d6b26d5ccbf7fd4459bf75f74a0a146677ebba80597df60cbdb20e6f4 \
    --hash=sha256:68e5f26a1ad57ded6d1cfb85331d1c1a195314756471d97758c48498bb4dcdf5 \
    --hash=sha256:69b157c5d3292bcd443faca052f3096f637f1e074b98212a933c074ae23dc3b8 \
    --hash=sha256:75286256590a6320cf106a0d28970d3560aad9ee09aa7b34fb40524792436d35 \
    --hash=sha256:78841cccf1af7b40f6f716338d50c0902dbe88d9f800b3c973b7a9a0a693a642 \
    --hash=sha256:78fa18e436a1a0e58dbd7e02fc4473f3f32cceb12df9dfca542d075961c307d2 \
    --hash=sha256:79580094b00d1789d1f93ea55bc43cb2f611910c72235b7657f3482ddcc1b22d \
    --hash=sha256:7b86a2b16095d250c6f58b3d9b2eee6f4147754344f3dab0922f7c9bf7d226c9 \
    --hash=sha256:83aed2c10721ddd90f68140685391b50811a880af20654c59af6b6c66c40513c \
    --hash=sha256:84fd18bcc17526fc2b3c1af7d2b9217d32c9c04448c16ec693b9b4f1985c3d33 \
    --hash=sha256:871ff67ea1aad4dfd91736464934d56b32dac49f9fbe16cddba36198a7b3a0db \
    --hash=sha256:898f0e9068ca27d37f8e83a5b962821df851532e6c4a7d615c1c033f9da6eedf \
    --hash=sha256:8a79d9f4d8001473a30c163556b3c3bfebec837495a412dde78b51672f6134f9 \
    --hash=sha256:8c041122946b7ba21bb32c45b1aa57b1be35527690aeb3c5c234521085632eee \
    --hash=sha256:90c44bc373b7687f6948b693cceaea1348ae0975d7474746559494468e3c1d84 \
    --hash=sha256:9104ed0bd76a429d46f9ec0dbc9b08ad1d2dcdf2b00a5a0daa1c145329b35b44 \
    --hash=sha256:920079c3f7456fa213e0829ed2073aaa727fd39d889ead5b4f35d0de5460d04f \
    --hash=sha256:93d59d504b230e83c7a843251681959a0b6a9cd76f6e146ce1b8a80eb8739af9 \
    --hash=sha256:9b2aff1c7b3884512b9512c3eaadd9bab39fb45042ffaaa1dd08ff2b9f8109d9 \
    --hash=sha256:9b8e0f3107e2200b76f6054de99016eac3ee6762713587b36baaa7e4bd2ae177 \
    --hash=sha256:9bb41182d93ea91f60b4bc8fbf4c820c69ef8a12ab2d917f3f1834f1acad07e8 \
    --hash=sha256:9cdef90ae47919cae358d8ab15797a800ed41da7aba5d72419fb510729e2ed4b \
    --hash=sha256:a1786910334ed46ab1dd73222f2cd1e05c2c3bb39f6dddb4f8b36fc382058a39 \
    --hash=sha256:a4cfde78a9f2880208d16a93b795726a3017d5977e08d1e162a7a31322479c41 \
    --hash=sha256:a4fbdde9dd4a9ce5fd52c2b3a347bb50cc89483ef783f1cb00d408c13f7a96c0 \
    --hash=sha256:aa99adc8f081b475a12843953db36831eaf83ec33eb46a90629ca6a5de45a616 \
    --hash=sha256:ac351b3b8014eead140e77e9717e2992c6bbe30b63bc3422422eb84865412e3d \
    --hash=sha256:ad41ba96094304aa090f5a30cb6e4fb3b3f1c264c523394b4c39bbacc4dc92ba \
    --hash=sha256:b5314963fce9b0b12743891de876e724997864ee22aa496f903f426c7e2fa5b2 \
    --hash=sha256:bcf74c1df76758a395bf0af608c04c82257523f55c9868b334f06270d0f2112b \
    --hash=sha256:bd47ba7fc3ca94896759ea0109775132d3e7ab921fbf54038e1bab2e46c313c9 \
    --hash=sha256:c0323c9daef75ef2e5083624b4585018a0c9d5e3b40f607eed81a311270b934b \
    --hash=sha256:c1225416b463483160e4af85d5fc3a9690ccb53fd4b1865a6437825f5ede3209 \
    --hash=sha256:c1c948747b03be832dceed96ca815cef7360de9aa19d37c730f8e3f6101aca48 \
    --hash=sha256:c25fe15c70c59eb7c5ce8c06a1f3fa1da0ecc5ea1e7a5922c40fd2fa9b0d5046 \
    --hash=sha256:cc1b0fff8ead343dae06305f954eb8468ba0ec1a97881f42489d198e4ce3c632 \
    --hash=sha256:cd6280cf040f233bd7d3407b743b4b4c74f70e8e1c4199cb112a62c941c0772a \
    --hash=sha256:cd6c3d4b783c556fa00bf540854e42f135e2f256abd29669fcd0da0f2dec79c2 \
    --hash=sha256:d4d6fcde76f94f5cb9e43e9e9a61f16dacefd228cbbf6f1a09bd9b219a92f1a1 \
    --hash=sha256:ddf4af30b417d9fe16481e9b81c27ab2a7cde1ff7ba3e85653b02db7d145dc7b \
    --hash=sha256:df115d4d83168fdf2cae48ef1ff6d1cb4c466364e30861b37121de0f3bf1b990 \
    --hash=sha256:df7276909358e5635ae203673ab7e509ddd224225a8d6b0790bf13eb2bde1cc5 \
    --hash=sha256:e4fd89cc178bced6ad29cb3e6dd4aa63fa5017c3524dbd0b25998fb64a87cc8b \
    --hash=sha256:e9701d0049d92c16703a42771b98d560b95248949f23f8cf7b4eddd201814fb9 \
    --hash=sha256:ee2f2a527e3c1a6e6411eb4209642e138b544a2d72fe5d0d76daf77b24063534 \
    --hash=sha256:f7fb7d750cfa0a070d2c24e831fd3481019a60dd317ea2b39acbcebc08b6ed81 \
    --hash=sha256:f840ed6d8ecba8255df8c42b87fadeda98ddfc6eeec05e2dc66e26d46dd6f58a \
    --hash=sha256:f86c6358749bd4fda175388691e3ba8c46e24c5347d0afd20f9b7edfc9faf07d \
    --hash=sha256:fa36ec09ef71d158186bc79e359ff5fdd6e7996fe8ab638f00d6b93139ba4fcf \
    --hash=sha256:fe2c7201c642b7c308f1675355ad7ff7b66acfe3541625efe5a3ad38f29d6115
    # via requests
django==5.2.17 \
    --hash=sha256:9d4d93be539a18ab80d058eb515900e10951e04c537c5a6b394fc49528d3251f \
    --hash=sha256:f04fb3b36ee119e1af4fa1d397d5fd6cf12700f49321e84d4f4c642c5b1973db
    # via -r requirements.txt
googleapis-common-protos==1.75.1 \
    --hash=sha256:28a1934bcd33b9c9da66ac301a0a4227e3367f095a17d0375cb98f0a09d93b79 \
    --hash=sha256:d3042c6c5a2d4e67113104d6b6818b59b6bd92a197f2a91508e801fe815cf071
    # via opentelemetry-exporter-otlp-proto-http
gunicorn==26.0.0 \
    --hash=sha256:40233d26a5f0d1872916188c276e21641155111c2853f0c2cd55260aec0d24fc \
    --hash=sha256:ca9346f85e3a4aeeb64d491045c16b9a35647abd37ea15efe53080eb8b090baf
    # via -r requirements.txt
idna==3.18 \
    --hash=sha256:7f952cbe720b688055e3f87de14f5c3e5fdaa8bc3928985c4077ca689de849a2 \
    --hash=sha256:ffb385a7e039654cef1ab9ef32c6fafe283c0c0467bba1d9029738ce4a14a848
    # via requests
opentelemetry-api==1.44.0 \
    --hash=sha256:67647e5e9566edcf421166fdf022b3537f818635daa852b289e34604dc6fb33a \
    --hash=sha256:94b98c893a91b88657eaac1e3ba89618cdb85be6918196705354f34728b2cdef
    # via
    #   opentelemetry-exporter-otlp-proto-http
    #   opentelemetry-instrumentation
    #   opentelemetry-instrumentation-dbapi
    #   opentelemetry-instrumentation-django
    #   opentelemetry-instrumentation-psycopg
    #   opentelemetry-instrumentation-urllib3
    #   opentelemetry-instrumentation-wsgi
    #   opentelemetry-sdk
    #   opentelemetry-semantic-conventions
opentelemetry-exporter-otlp-proto-common==1.44.0 \
    --hash=sha256:9a9fe61bba73d802904bc989f1d6b4a7b1ee40f06c40e98d6f85af65aaebb694 \
    --hash=sha256:dc87a5a5bc58f149a56d1547e4691588fa12994cdc3bc039a694ccb3375862ac
    # via opentelemetry-exporter-otlp-proto-http
opentelemetry-exporter-otlp-proto-http==1.44.0 \
    --hash=sha256:838592fce774c1c8bb7b9a0a7facbfa82e17be5a8a4e94cef10cb84ae026bae3 \
    --hash=sha256:c633d7270ad6b57cd4cfbe8b0007a9e2e7c0cb50bd6c50fe2a7b245f721a09d8
    # via -r requirements.txt
opentelemetry-instrumentation==0.65b0 \
    --hash=sha256:071d9d9eced9bd6460444ec3b0c77229870ed05a881c22c84fdede58e4eed09b \
    --hash=sha256:ea967a72b9939b5fcfdad572753b4306c59dcb99e3f382d95dae04286805e137
    # via
    #   opentelemetry-instrumentation-dbapi
    #   opentelemetry-instrumentation-django
    #   opentelemetry-instrumentation-psycopg
    #   opentelemetry-instrumentation-urllib3
    #   opentelemetry-instrumentation-wsgi
opentelemetry-instrumentation-dbapi==0.65b0 \
    --hash=sha256:50b662578a6903b028e09b73f604de687752f5f904aa0ca032969157b29d60f2 \
    --hash=sha256:da048bb683347ddad2f47344bacfe1e111bf7bfb2e5a39796b1083679ad4f0f3
    # via opentelemetry-instrumentation-psycopg
opentelemetry-instrumentation-django==0.65b0 \
    --hash=sha256:915117536c421c3e61e34dadbd373fc404447c7a786303e02f732bc8860e3ba0 \
    --hash=sha256:f79914e03ccf7f34a4dfd257ea9fa1236a6568cd1756e5f969dc026252fad6e9
    # via -r requirements.txt
opentelemetry-instrumentation-psycopg==0.65b0 \
    --hash=sha256:62921ceaad2a0d0813a4185ce724aba40e583ead52db03bc3506de5ef53cab84 \
    --hash=sha256:a363c594a0dfcb1f6c8db5b1a1549a2e7dfde91f4d17e5fe0b48e777119705f9
    # via -r requirements.txt
opentelemetry-instrumentation-urllib3==0.65b0 \
    --hash=sha256:6345f5c38785801e1a112895967eabec4e1076e30ecc7e9bd2af87dffc541bf9 \
    --hash=sha256:696f3a59f153f23771dfadc826b03c548a2a308984987da9a094aeae23d609ca
    # via -r requirements.txt
opentelemetry-instrumentation-wsgi==0.65b0 \
    --hash=sha256:af23e6686c7cd2abcd7d14ac03fb7e3b438273eb2d54a8f8dc401dc71bc52a9f \
    --hash=sha256:d4a62ae98667ddfe04fe538c3c54abad538feb8c9c7a407ba19f016e1ce4a89a
    # via opentelemetry-instrumentation-django
opentelemetry-proto==1.44.0 \
    --hash=sha256:898b155a0e1557afd867478fb6158e8122a46329ca0bb8dc53cc55e98f017f56 \
    --hash=sha256:c547a79c2f8c0c515d31509154682e5921c7cfd5ca67b70e1f9266e2c3e103f3
    # via
    #   opentelemetry-exporter-otlp-proto-common
    #   opentelemetry-exporter-otlp-proto-http
opentelemetry-sdk==1.44.0 \
    --hash=sha256:cebe7f65dc12f26ead75c6064de12fd2a9052e5060c0272d402cfa203aae123b \
    --hash=sha256:df081c4c6bcfdb1211e3e86140376792643128a25f8d72d1d27675936e7e96ad
    # via
    #   -r requirements.txt
    #   opentelemetry-exporter-otlp-proto-http
opentelemetry-semantic-conventions==0.65b0 \
    --hash=sha256:1cacde7b0ad306f84c5ef08c3dbe1bbaf20165bba6f8bff43b670e555a086bcb \
    --hash=sha256:f9b2b81e9d5b64f11bc952075e7e9c7fb0aab075c7fd1c46d597f1b919852d60
    # via
    #   opentelemetry-instrumentation
    #   opentelemetry-instrumentation-dbapi
    #   opentelemetry-instrumentation-django
    #   opentelemetry-instrumentation-urllib3
    #   opentelemetry-instrumentation-wsgi
    #   opentelemetry-sdk
opentelemetry-util-http==0.65b0 \
    --hash=sha256:7553b606f963097cb190536dc30556cce85090692e471a422fff30ca29b04348 \
    --hash=sha256:84f82d826978bba416ab453460ff6a7391cdc3534c93a786595e4068680016b7
    # via
    #   opentelemetry-instrumentation-django
    #   opentelemetry-instrumentation-urllib3
    #   opentelemetry-instrumentation-wsgi
packaging==26.3 \
    --hash=sha256:94edc256424af38762eb31306eed28beb9f0efc50a8837492c9d6fd6004aed79 \
    --hash=sha256:d7193f7c8e4e93f444fde0262bf90af30e16fa0ad0ad44cb553c87339b23cd1c
    # via
    #   gunicorn
    #   opentelemetry-instrumentation
pika==1.3.2 \
    --hash=sha256:0779a7c1fafd805672796085560d290213a465e4f6f76a6fb19e378d8041a14f \
    --hash=sha256:b2a327ddddf8570b4965b3576ac77091b850262d34ce8c1d8cb4e4146aa4145f
    # via -r requirements.txt
protobuf==7.35.1 \
    --hash=sha256:11d6b0ec246892d85215b0a13ca6e0233cf5284b68f0ac02646427f4ff88a799 \
    --hash=sha256:230a75ddfc2de4806e56696ce9640c1cdfdb6543b7cfce98d42a4c0a0e7bdb87 \
    --hash=sha256:24f857477359a85c0c235261b8ba905fd51b2562f4a64ca1df5473f29850cbf6 \
    --hash=sha256:353652e4efd0bca5b5fc2656abf8307ef351f0cf938c9eba09f0e09c20a25c30 \
    --hash=sha256:4bc97768d8fe4ad6743c8a19403e314511ed9f6d13205b687e52421c023ac1b9 \
    --hash=sha256:74758715c53d7158fb76caf4f0cfdacc5329a4b1bb994f865d6cf302d413a1c4 \
    --hash=sha256:b73f9489a4b8b1c9cb1f8ed951c736392592edb24b9d6819f36d2e10b171d5b4 \
    --hash=sha256:ce115a26fe0c39a2c29973d914d327e516a6455464489fe3cd1e51a1b354f81a
    # via
    #   googleapis-common-protos
    #   opentelemetry-proto
psycopg==3.3.4 \
    --hash=sha256:b6bbc25ccf05c8fad3b061d9db2ef0909a555171b84b07f29458a447253d679a \
    --hash=sha256:e21207764952cff81b6b8bdacad9a3939f2793367fdac2987b3aac36a651b5bc
    # via -r requirements.txt
psycopg-binary==3.3.4 \
    --hash=sha256:018fbed325936da502feb546642c982dcc4b9ffdea32dfef78dbf3b7f7ad4070 \
    --hash=sha256:0579252a1202cd73e4da137a1426e2dae993ae44e757605344282af3a082848c \
    --hash=sha256:136f199a407b5348b9b857c504aff60c77622a28482e7195839ce1b51238c4cc \
    --hash=sha256:13a7f380824c35896dcac7fe0f61440f7ca49d6dc73f3c13a9a4471e6a3b302e \
    --hash=sha256:17a21953a9e5ff3a16dab692625a3676e2f101db5e40072f39dbee2250194d68 \
    --hash=sha256:1dc1f79fd16bb1f3f4421417a514607539f17804d95c7ed617265369d1981cae \
    --hash=sha256:1fbaa292a3c8bb61b45df1ad3da1908ccee7cb889db9425e3557d9e34e2a4829 \
    --hash=sha256:22cdbf5f91ef7bb91fe0c5757e1962d3127a8010256eefd9c61fcaf441802097 \
    --hash=sha256:26df2717e59c0473e4465a97dfb1b7afebaa479277870fd5784d1436470db47c \
    --hash=sha256:276904e3452d6a23d474ef9a21eee19f20eed3d53ddd2576af033827e0ba0992 \
    --hash=sha256:28b7398fdd19db3232c884fb24550bdfe951221f510e195e233299e4c9b78f97 \
    --hash=sha256:2c09aad7051326e7603c14e50636db9c01f78272dc54b3accff03d46370461e6 \
    --hash=sha256:32a6fbf8481e3a370d0d72b860d35948a693cb01281da217f7b2f307636e591a \
    --hash=sha256:41f2ec0fea529832982bcb6c9415de3c86264ebe562b77a467c0fbcd7efbba8d \
    --hash=sha256:46893c26858be12cc49ca4226ed6a60b4bfccadd946b3bebb783a60b38788228 \
    --hash=sha256:47c656a8a7ba6eb0cff1801a4caaa9c8bdc12d03080e273aff1c8ac39971a77e \
    --hash=sha256:494ca54901be8cf9eb7e02c25b731f2317c378efa44f43e8f9bd0e1184ae7be4 \
    --hash=sha256:514404ed543efd620c85602b747df2a23cf1241b4067199e1a66f2d2757aaa41 \
    --hash=sha256:574ea21a9651958f1535c5a1c649c7409e9168bcbffa29a3f2f961f58b322949 \
    --hash=sha256:580ae30a5f95ccd90008ec697d3ed6a4a2047a516407ad904283fa42086936e9 \
    --hash=sha256:5ab28a2a7649df3b72e6b674b4c190e448e8e77cf496a65bd846472048de2089 \
    --hash=sha256:5c4ab71be17bdca30cb34c34c4e1496e2f5d6f20c199c12bad226070b22ef9bf \
    --hash=sha256:612a627d733f695b1de1f9b4bd511c15f999a5d8b915d444bbd7dd71cf3370da \
    --hash=sha256:6402a9d8146cf4b3974ded3fd28a971e83dc6a0333eb7822524a3aa20b546578 \
    --hash=sha256:6b9016b1714da4dd5ecaaa75b82098aa5a0b87854ce9b092e21c27c4ae23e014 \
    --hash=sha256:71e55ccbdfae79a2ed9c6369c3008a3025817ff9d7e27b32a2d84e2a4267e66e \
    --hash=sha256:7465bfe6087d2d5b42d4c53b9b11ca9f218e477317a4a162a10e3c19e984ba8e \
    --hash=sha256:75a9067e236f9b9ae3535b66fe99bddb33d39c0de10112e49b9ab11eee53dc31 \
    --hash=sha256:773d573e11f437ce0bdb95b7c18dc58390494f96d43f8b45b9760436114f7652 \
    --hash=sha256:77df19583501ea288eaf15ac0fe7ad01e6d8091a91d5c41df5c718f307d8e31b \
    --hash=sha256:7f7668f30b9dd5163197e5cbf4e0efd54e00f0a859cc566ce56cfc31f4054839 \
    --hash=sha256:8c0056529e68dbe9184cd4019a1f3d8f3a4ead2f6fc7a5afcf27d3314edd1277 \
    --hash=sha256:94596f9e7633ee3f6440711d43bb70aa31cc0a46a900ab8b4201a366ace5c9e7 \
    --hash=sha256:ab8cca8ef8fb1ccf5b048ae5bd78ba55b9e4b5d472e3ce5ca39ff4d2a9c249e4 \
    --hash=sha256:ad3bc94054876155549fdaedf4a46d1ec69d39a5bcee377148afe498e84c4b8e \
    --hash=sha256:b56b603ebcea8aa10b46228b8410ba7f13e7c2ee54389d4d9be0927fd8ce2a70 \
    --hash=sha256:b6f5a29e9c775b9f12a1a717aa7a2c80f9e1db6f27ba44a5b59c80ac61d2ffcf \
    --hash=sha256:b7bfff1ca23732b488cbca3076fc11bc98d520ee122514fdb17a8e20d3338f5a \
    --hash=sha256:bdef84570ebbce1d42b4e7ea952d21c414c5f118ad02fee00c5625f35e134429 \
    --hash=sha256:c37e024c07308cd06cf3ec51bfd0e7f6157585a4d84d1bce4a7f5f7913719bf8 \
    --hash=sha256:c677c4ad433cb7150c8cd304a0769ae3bcfbe5ea0676eb53faa7b1443b16d0d3 \
    --hash=sha256:cf7f73a4a792bc5db58a4b385d8a1467e8d468f7548702fb0ed1e9b7501b1c13 \
    --hash=sha256:cffc3408d77a27973f33e5d909b624cce683db5fc25964b02fe0aae7886c1007 \
    --hash=sha256:d7b4d40c153fa352ab3cca530f3a0baedf7621b2ebcbd7f084009522c21788fc \
    --hash=sha256:dbfdb9b6cc79f31104a7b162a2b921b765fcc62af6c00540a167a8de47e4ed38 \
    --hash=sha256:df1d567fc430f6df15c9fcf67d87685fc49bdb325adc0db5af1adfb2f44eb5c9 \
    --hash=sha256:e2631da29253a98bd496e6c4813b24e09a4fe3fb2a9e88513305d6f8747cce95 \
    --hash=sha256:e7510c37550f91a187e3660a8cc50d4b760f8c3b8b2f89ebc5698cd2c7f2c85d \
    --hash=sha256:eb05ee1c2b817d27c537333224c9e83c7afb86fe7296ba970990068baf819b16 \
    --hash=sha256:eb4eed2079c01a4850bf467deacfab56d356d4225040170af03dc9958321242d \
    --hash=sha256:ee17a2cf4943cde261adfad1bbc5bf38d6b3776d7afff74c7cabcbeaeb08c260 \
    --hash=sha256:f80e3f2b5331dbbf0901bcb658056c03eeb2c1ef31d774afb0d61598b242e744 \
    --hash=sha256:f9b1c2533af01cd7648378599f82b0b8ae32f293296e6eec5753a625bc97ef28 \
    --hash=sha256:fa1cbc10768a796c96d3243656016bf4e337c81c71097270bb7b0ad6210d9765 \
    --hash=sha256:fbd1d4ed566895ad2d3bf4ddfd8bae90026930ddf29df3b9d91d32c8c47866a7
    # via psycopg
requests==2.34.2 \
    --hash=sha256:2a0d60c172f83ac6ab31e4554906c0f3b3588d37b5cb939b1c061f4907e278e0 \
    --hash=sha256:f288924cae4e29463698d6d60bc6a4da69c89185ad1e0bcc4104f584e960b9ed
    # via
    #   -r requirements.txt
    #   opentelemetry-exporter-otlp-proto-http
sqlparse==0.5.5 \
    --hash=sha256:12a08b3bf3eec877c519589833aed092e2444e68240a3577e8e26148acc7b1ba \
    --hash=sha256:e20d4a9b0b8585fdf63b10d30066c7c94c5d7a7ec47c889a2d83a3caa93ff28e
    # via django
typing-extensions==4.16.0 \
    --hash=sha256:481caa481374e813c1b176ada14e97f1f67a4539ce9cfeb3f350d78d6370c2e8 \
    --hash=sha256:dc983d19a509c94dba722ee6abd33940f7c05a89e243c47e907eb4db6f1a43e5
    # via
    #   opentelemetry-api
    #   opentelemetry-exporter-otlp-proto-http
    #   opentelemetry-sdk
    #   opentelemetry-semantic-conventions
urllib3==2.7.0 \
    --hash=sha256:231e0ec3b63ceb14667c67be60f2f2c40a518cb38b03af60abc813da26505f4c \
    --hash=sha256:9fb4c81ebbb1ce9531cce37674bbc6f1360472bc18ca9a553ede278ef7276897
    # via requests
wrapt==2.3.0 \
    --hash=sha256:0a45ffae742ce91a16e11cb6c7cd71e7f9994f3cbd283b962ab093f5c6dcf525 \
    --hash=sha256:0bb2797048db0956348cb3058c33bc4184614f13231389cfbccc16a5d32780a7 \
    --hash=sha256:0d3fb71e65b001adfc42684522eeccd9c21d8ba679945abc993439567b66e59f \
    --hash=sha256:0db083387d6e75ec0be8173ecbf0e811cf60bae1cc75a815feb104167ea10d4d \
    --hash=sha256:10461884b3014fbfc8eb7d09a93c5f246363e6711d9d881f95eb8c27fdef049f \
    --hash=sha256:1236fa25173ca964c97422470482e9011b9e3c7ed0d75798b40b3da3b0e0e760 \
    --hash=sha256:141ed6211286a9660d8d6702de598b43f0934b4f0eda16393f100a80f501d945 \
    --hash=sha256:1598becd30f8f2777d18564064eb4f4dbe1ab0e05a8f09786d0ef505ac782bf3 \
    --hash=sha256:195b1842b4122fb54e3cd3dd5b2b4aa49302a5a61da901df0481f5c97aedde84 \
    --hash=sha256:1d6159c9b2fefec02314e1332dbbbfaf960e369dfd26bcf7f8b258b5732065b3 \
    --hash=sha256:22cc5c0a717bd4da87018ae0bffd4c19c6fb679d3ff357216ba566ab26c76cab \
    --hash=sha256:242b60c21e30866e6a2fa606c612b47c553fa60c0eaeeeb7797fb842ac0ce609 \
    --hash=sha256:24da48596326ef8e448cfa837b454f638713d3531262375f00e5a9681682fc07 \
    --hash=sha256:261f53870cd4fb2bf38f9f972c56c728fd224cb7c65721307de59d9e7e6741ae \
    --hash=sha256:2935d5454b3f179a29b12cf390ee47246740ba2c3a7545b1b46ba31a5f2a4a0b \
    --hash=sha256:2e49885a62ec4ee854d1b9e6371fda6afd219917225752abf729a3f36d4df9a5 \
    --hash=sha256:379f670f45b7bb8993edd9f6fc36c6cc65edb81cffa0b504be34acb0303fff0a \
    --hash=sha256:3873c3c5ca9f4ef91f693602eca19d1f1e7c410338df82a4ff11d826b5896a8f \
    --hash=sha256:392158c9a7f2ab1b8699418bfc0fe6f83548788c418b27d7bf2019ad3405cebb \
    --hash=sha256:39febbee6d77301d31da6996b152ce52452da7c7ef72aba10c2fa976dff9c295 \
    --hash=sha256:3d1c2c1b808600d2ea808e6360910a60ed5f409a4011655e10f9164ba0a414a6 \
    --hash=sha256:3da470536bf9645143323dd41b32db55c6f4304ad382094c1a1da8a92061e10d \
    --hash=sha256:418f54bb09d1762db02c7009b4051149893af3153a87f92d70356703c11eea02 \
    --hash=sha256:42869085687f0aefd57c0f636c3f9354f8ffb321a8ba9cb52d19beb796e561c5 \
    --hash=sha256:45c9279b373d15649dfa2c2077cb3408ea1a6d3125afbdab9d6b809a66f68e14 \
    --hash=sha256:4fa0df3bff4e7ce45759f33fd39335fe2f60477bb9ecf7b8aa41e7d07ee36a23 \
    --hash=sha256:50f416b74d092bb9f41b424e90dd457f365f7ba4b11de62a23679769a21bd85c \
    --hash=sha256:51a7a4181c1295774812271fbcd7c909df372bc25579d4ed9eb875caaf0ae86f \
    --hash=sha256:54ca1d5573f69b5fe1d74f1f65799c68015e82f685efec9fd8cfa40a094c44d0 \
    --hash=sha256:5ab559e1b2551d23d54db2a0001c6d73bad022a254639561c5f6c382a9d6c2fe \
    --hash=sha256:5ba1e5e08ddc46130e9682b2c249f2d1dd39bda9106ed4bd401b7519f18f41bd \
    --hash=sha256:5d221a6e6ddd302b8397433184e96b59f259f50024b854db1c411a881586b6b8 \
    --hash=sha256:6208f302f110295d64b22a7ac96500c791bf492dce4366e622e4912b077c9687 \
    --hash=sha256:626b69db2021aa01671ec7bbc9740e558522bd44c18cf2ce69bf3d666a014109 \
    --hash=sha256:628f3ba8ec793a5b10a6cd8c6c6b7b55eb552abd1f3bd301336acb74c7a82dfe \
    --hash=sha256:629d73378082c00a8173031f9fb30a3ac6abbc894a5bfdfae71fabc60642d501 \
    --hash=sha256:646d20d413ffcd1b0a2f700076e2d0252d872dcb7754860a73e45a59ea883614 \
    --hash=sha256:67bfe2485f50368c3fcd2275fc1fd100e350d601e0058921a7c82678a465aeab \
    --hash=sha256:681a2d0eefd721998f90642762b8e75c2159ec531b20ad5e437245ea7b06a107 \
    --hash=sha256:69e477046f2237ef0bc6547544ee73008dc764ca26eff44f09e976d221b34d5d \
    --hash=sha256:6db604ef0c67bdb2042ecdfd7b7f037cf09733557ca42360d1018285634f7b98 \
    --hash=sha256:729126e667da34d251b8ebf8a45ef0c5ddadc21542b3d6e1abf4259ece6508df \
    --hash=sha256:73d0b10b64620a2cf4bc3d31775c4d9527e309a5549e4379e3bf71e8d2dc193e \
    --hash=sha256:7ebb274aba688b043429eb1500ff8a76ce0cb8ac0812ca3e301f06247b8722b3 \
    --hash=sha256:8159ec0b0cb7608175eb150de94c19e34f4d47ac655f5ca9baf45df6b688ffd3 \
    --hash=sha256:816877aa749253149f9ecfd2635d4d948ecfa338e1a0311d187b1acb1bb8a3eb \
    --hash=sha256:85de890ff968196e92dd1ae73a9fb8970495e7650a457b1c9ef0ac3dd550bce2 \
    --hash=sha256:8f8a1c6472675956cece9a8f403f43c3594f1681319eed2dd56f60877397c636 \
    --hash=sha256:9045917809c63fdf7abe3a2ceaed3d670b8ee4500ddd9291192d30aeb34467c5 \
    --hash=sha256:932dced0a7b2950ed58a3325536a1dcb7b58e7330af54e8552d2e566b5328b99 \
    --hash=sha256:93513bec052c6cd987f9f580c3df068c8bc4ebae6543736be3ca7ec5959cafcd \
    --hash=sha256:9790ea25190a4e0fe4cdf4eeb868e9d75f8a024a70a5b6bf9c348a3a2b72e731 \
    --hash=sha256:9f5d2aec29dfc76c37e23897dee92766a3fd4f3bff3ae7fc9c6b4bf37d8c1360 \
    --hash=sha256:a65e8db2b4e90c2e7ade931086351c98ef420bf7a94ee08c95ac8a3cbbc43579 \
    --hash=sha256:a6b5984cd65dd639546f0eb4b8eacf1c31cb2fe9fb5c27bffe240987cdb2cf84 \
    --hash=sha256:a6e19531ae33c508cea7d84a7edfda01fa86e51b8d1a93a77712c55e6e469152 \
    --hash=sha256:abc71504669d126d91f89fc0e388c6295d8fbd2439be884f175133fda8aa403c \
    --hash=sha256:ac870cc97b73bb00ac353329e9559a4bebc47c4c86792ed9b23b58c15b6ad838 \
    --hash=sha256:ad71df7a04dd3497e9302e81f4a7c91bd401ea0e15a9df9029527900f94bee43 \
    --hash=sha256:b1e5aa486e269b00ed35e64771c7d0ab8096cfd2643405ca8cd60ebedc099a51 \
    --hash=sha256:b4fc96b159af0a3e0faa72475a69d66292bea72a5bed1e1aca1bffbddc3cb2b0 \
    --hash=sha256:b767a9566f165dd14decf8f4194c6bb0ce3a8420cec213824e05a99400c9260a \
    --hash=sha256:bff9a671bc00709cab5a7f745c592b5671873449db0ee2a569af994f16b29a4d \
    --hash=sha256:c3b476ae63b4a3b4da681aafcb25ff3542d289fbda8b5da7caf76aaffafafdbb \
    --hash=sha256:c4bded758ad6f03b965830944a2f0bc5b2eb3767fe5a7310134315d1a6610e98 \
    --hash=sha256:c8388ba7faf5dbf9ee106bb70d66f257629b1bd98091123e19e8a4553a319199 \
    --hash=sha256:c8858d8ff9822a081e3cc49ae1b3b22f0f789c14001cdac8f94564010d9c9d66 \
    --hash=sha256:c88abcf53daef80e01a75c7530e727fa6e2c1888fe83e3dcdba4c96216a1f5c7 \
    --hash=sha256:cc2cea812e5cb179a796b766747e7d3b21088760d8deb95676d482b8c8e6fa7d \
    --hash=sha256:cd3a2edf0427013736b8127955cec62608c56e53ea47e82812ea32059cda407f \
    --hash=sha256:cdc021cb0b62471d6aac7f2bd92f3b4658073775f9ee7fcd325c511129e7bcc8 \
    --hash=sha256:ce9f398f868d2b3b27aa2ea4de79645ef9077aeeac8dfc2814b0d542c6a2b87f \
    --hash=sha256:d0077f3d65541925fa83002f967b22ad6550d24813ac64cb905f717194128d9c \
    --hash=sha256:d0f7284f88f4833705132d06d3b425a43095c2cbd07c58166aac3ab646ba12a4 \
    --hash=sha256:d2cc64539da63e39ffb9c7ede849b6e8ddaaf7b3876b5cfb04efd85a5f3f4eb6 \
    --hash=sha256:d8c7ed08477429752b8c44991f40ad7838b18332a160698740a6bfbc10d998a2 \
    --hash=sha256:df4ce31150bcd5d9f36f816aac3010ab4f4bf8672ac1d3b0ac7d539ec61c7c02 \
    --hash=sha256:e045ff75d7d94900fc32896ed93c45ce2d2cac28c9dead582ff9a5a49d446e35 \
    --hash=sha256:e2e692bc0d63f881cf7006730a56bd4e0c2fab5dc318466942805d692b166276 \
    --hash=sha256:e31734c5077f29f892b2565eee5106d610278151ad49fc6a9d69a647cd5730e2 \
    --hash=sha256:e3b9eaa742ae7a0aaaaad4ca4b69469d757af2d6e6663ef1dadc47adec0aeb41 \
    --hash=sha256:e3f3d7ec0a51fbfe00d3aef047641ff2c58b25565b4717fc1f90e050be01cba8 \
    --hash=sha256:e5301c35cf75655eb33498f2bd6ae8703ca19940e3167dc9cdf740c712a39c60 \
    --hash=sha256:ea52a0d0f08c584943d5764be0e84efa912c8da23c23e1e285ff2f5641c18fcc \
    --hash=sha256:ed635a9ca4f3a5a2b900c10c69e823373bc00ebc114b459383596d3487da3570 \
    --hash=sha256:fb8e2e6704a1e0b1b989546c69e2688371ef4a07fa5f61bde3eb6211186f5ac1 \
    --hash=sha256:fc648a335d7e01adb3640b25f02fd0ea05886cf04d0af7f4ee902bc7b5e466e8 \
    --hash=sha256:fc82c2ccc8e234c844f5303d9f2984b346dcdd53e94823ce8420d2c75b4b9023 \
    --hash=sha256:fd1f2f557dd3491fe75905e578f4db967393d40d1a8f468edc4d40ac7f2d5944 \
    --hash=sha256:fd85b0aa88efdb189d6ae2f35f4526943a8f091c38599c9c31478241c819e6a1
    # via
    #   opentelemetry-instrumentation
    #   opentelemetry-instrumentation-dbapi
    #   opentelemetry-instrumentation-urllib3
